
Microsoft Visual Studio Solution File, Format Version 12.00
# Visual Studio Version 17
VisualStudioVersion = 17.3.32819.101
MinimumVisualStudioVersion = 10.0.40219.1
Project("{FAE04EC0-301F-11D3-BF4B-00C04F79EFBC}") = "VKPublicPostBot", "VKPublicPostBot\VKPublicPostBot.csproj", "{0E762D51-246C-43F5-B001-54741E359DFB}"
EndProject
Global
	GlobalSection(SolutionConfigurationPlatforms) = preSolution
		Debug|Any CPU = Debug|Any CPU
		Release|Any CPU = Release|Any CPU
	EndGlobalSection
	GlobalSection(ProjectConfigurationPlatforms) = postSolution
		{0E762D51-246C-43F5-B001-54741E359DFB}.Debug|Any CPU.ActiveCfg = Debug|Any CPU
		{0E762D51-246C-43F5-B001-54741E359DFB}.Debug|Any CPU.Build.0 = Debug|Any CPU
		{0E762D51-246C-43F5-B001-54741E359DFB}.Release|Any CPU.ActiveCfg = Release|Any CPU
		{0E762D51-246C-43F5-B001-54741E359DFB}.Release|Any CPU.Build.0 = Release|Any CPU
	EndGlobalSection
	GlobalSection(SolutionProperties) = preSolution
		HideSolutionNode = FALSE
	EndGlobalSection
	GlobalSection(ExtensibilityGlobals) = postSolution
		SolutionGuid = {783C1277-5598-4924-99DD-8A009AC4B74E}
	EndGlobalSection
EndGlobal
